
Microsoft Visual Studio Solution File, Format Version 12.00
# Visual Studio Version 17
VisualStudioVersion = 17.10.34902.84
MinimumVisualStudioVersion = 10.0.40219.1
Project("{FAE04EC0-301F-11D3-BF4B-00C04F79EFBC}") = "lab5", "lab5\lab5.csproj", "{AB708FE7-83F7-4511-9CF6-EE677067C21B}"
EndProject
Global
	GlobalSection(SolutionConfigurationPlatforms) = preSolution
		Debug|Any CPU = Debug|Any CPU
		Release|Any CPU = Release|Any CPU
	EndGlobalSection
	GlobalSection(ProjectConfigurationPlatforms) = postSolution
		{AB708FE7-83F7-4511-9CF6-EE677067C21B}.Debug|Any CPU.ActiveCfg = Debug|Any CPU
		{AB708FE7-83F7-4511-9CF6-EE677067C21B}.Debug|Any CPU.Build.0 = Debug|Any CPU
		{AB708FE7-83F7-4511-9CF6-EE677067C21B}.Release|Any CPU.ActiveCfg = Release|Any CPU
		{AB708FE7-83F7-4511-9CF6-EE677067C21B}.Release|Any CPU.Build.0 = Release|Any CPU
	EndGlobalSection
	GlobalSection(SolutionProperties) = preSolution
		HideSolutionNode = FALSE
	EndGlobalSection
	GlobalSection(ExtensibilityGlobals) = postSolution
		SolutionGuid = {CE1CB658-CE18-4EF3-8EF6-506FCB903039}
	EndGlobalSection
EndGlobal
